
Microsoft Visual Studio Solution File, Format Version 12.00
# Visual Studio Version 16
VisualStudioVersion = 16.0.31605.320
MinimumVisualStudioVersion = 10.0.40219.1
Project("{FAE04EC0-301F-11D3-BF4B-00C04F79EFBC}") = "MySolution", "MySolution\MySolution.csproj", "{39B2F79D-210E-4477-9C83-BDB12AA42BF2}"
EndProject
Project("{FAE04EC0-301F-11D3-BF4B-00C04F79EFBC}") = "MyModules", "MyModules\MyModules.csproj", "{2385C3D1-B3F0-40AE-93AA-86EF16849A55}"
EndProject
Global
	GlobalSection(SolutionConfigurationPlatforms) = preSolution
		Debug|Any CPU = Debug|Any CPU
		Release|Any CPU = Release|Any CPU
	EndGlobalSection
	GlobalSection(ProjectConfigurationPlatforms) = postSolution
		{39B2F79D-210E-4477-9C83-BDB12AA42BF2}.Debug|Any CPU.ActiveCfg = Debug|Any CPU
		{39B2F79D-210E-4477-9C83-BDB12AA42BF2}.Debug|Any CPU.Build.0 = Debug|Any CPU
		{39B2F79D-210E-4477-9C83-BDB12AA42BF2}.Release|Any CPU.ActiveCfg = Release|Any CPU
		{39B2F79D-210E-4477-9C83-BDB12AA42BF2}.Release|Any CPU.Build.0 = Release|Any CPU
		{2385C3D1-B3F0-40AE-93AA-86EF16849A55}.Debug|Any CPU.ActiveCfg = Debug|Any CPU
		{2385C3D1-B3F0-40AE-93AA-86EF16849A55}.Debug|Any CPU.Build.0 = Debug|Any CPU
		{2385C3D1-B3F0-40AE-93AA-86EF16849A55}.Release|Any CPU.ActiveCfg = Release|Any CPU
		{2385C3D1-B3F0-40AE-93AA-86EF16849A55}.Release|Any CPU.Build.0 = Release|Any CPU
	EndGlobalSection
	GlobalSection(SolutionProperties) = preSolution
		HideSolutionNode = FALSE
	EndGlobalSection
	GlobalSection(ExtensibilityGlobals) = postSolution
		SolutionGuid = {3204E0E6-FA0F-47C9-B1C2-53FA698123A8}
	EndGlobalSection
EndGlobal
